
Microsoft Visual Studio Solution File, Format Version 12.00
# Visual Studio 15
VisualStudioVersion = 15.0.27130.2027
MinimumVisualStudioVersion = 10.0.40219.1
Project("{9A19103F-16F7-4668-BE54-9A1E7A4F7556}") = "01.ExchangeNumbers", "01.ExchangeNumbers\01.ExchangeNumbers.csproj", "{E04C7458-45E9-48FD-A032-F8A30A8D5697}"
EndProject
Project("{9A19103F-16F7-4668-BE54-9A1E7A4F7556}") = "02.BonusScore", "02.BonusScore\02.BonusScore.csproj", "{C32F54D1-4915-42B3-80DE-13A0B00092EB}"
EndProject
Project("{9A19103F-16F7-4668-BE54-9A1E7A4F7556}") = "03.PlayCard", "03.PlayCard\03.PlayCard.csproj", "{DA7F459D-5752-4BB3-93AE-C8011C1E316F}"
EndProject
Project("{9A19103F-16F7-4668-BE54-9A1E7A4F7556}") = "04.MultiplicationSign", "04.04.MultiplicationSign\04.MultiplicationSign.csproj", "{91BF934D-515E-489D-AF7F-9D1FB30BE537}"
EndProject
Project("{9A19103F-16F7-4668-BE54-9A1E7A4F7556}") = "05.TheBiggestOf3Numbers", "05.TheBiggestOf3Numbers\05.TheBiggestOf3Numbers.csproj", "{621BBF1B-B17F-48B7-A13E-583F6F06247B}"
EndProject
Project("{9A19103F-16F7-4668-BE54-9A1E7A4F7556}") = "06.TheBiggestOfFiveNumbers", "06.TheBiggestOfFiveNumbers\06.TheBiggestOfFiveNumbers.csproj", "{C11780AD-C3AE-4C93-9100-92B4310A2AC8}"
EndProject
Project("{9A19103F-16F7-4668-BE54-9A1E7A4F7556}") = "06a.TheBiggestOfFiveNumbers", "06a.TheBiggestOfFiveNumbers\06a.TheBiggestOfFiveNumbers.csproj", "{0D40A600-450F-4D29-80C8-3FD0C091896B}"
EndProject
Project("{FAE04EC0-301F-11D3-BF4B-00C04F79EFBC}") = "07.Sort3Numbers", "Sort3Numbers\07.Sort3Numbers.csproj", "{974F1E71-048E-4CFD-83AC-BD723BDBE6B6}"
EndProject
Project("{FAE04EC0-301F-11D3-BF4B-00C04F79EFBC}") = "08.DigitAsWord", "DigitAsWord\08.DigitAsWord.csproj", "{74371F60-4BBC-410E-8E47-7B744E998846}"
EndProject
Project("{FAE04EC0-301F-11D3-BF4B-00C04F79EFBC}") = "09.IntDoubleString", "IntDoubleString\09.IntDoubleString.csproj", "{3563FECF-B042-4ED8-8F67-F44FFF2B327B}"
EndProject
Global
	GlobalSection(SolutionConfigurationPlatforms) = preSolution
		Debug|Any CPU = Debug|Any CPU
		Release|Any CPU = Release|Any CPU
	EndGlobalSection
	GlobalSection(ProjectConfigurationPlatforms) = postSolution
		{E04C7458-45E9-48FD-A032-F8A30A8D5697}.Debug|Any CPU.ActiveCfg = Debug|Any CPU
		{E04C7458-45E9-48FD-A032-F8A30A8D5697}.Debug|Any CPU.Build.0 = Debug|Any CPU
		{E04C7458-45E9-48FD-A032-F8A30A8D5697}.Release|Any CPU.ActiveCfg = Release|Any CPU
		{E04C7458-45E9-48FD-A032-F8A30A8D5697}.Release|Any CPU.Build.0 = Release|Any CPU
		{C32F54D1-4915-42B3-80DE-13A0B00092EB}.Debug|Any CPU.ActiveCfg = Debug|Any CPU
		{C32F54D1-4915-42B3-80DE-13A0B00092EB}.Debug|Any CPU.Build.0 = Debug|Any CPU
		{C32F54D1-4915-42B3-80DE-13A0B00092EB}.Release|Any CPU.ActiveCfg = Release|Any CPU
		{C32F54D1-4915-42B3-80DE-13A0B00092EB}.Release|Any CPU.Build.0 = Release|Any CPU
		{DA7F459D-5752-4BB3-93AE-C8011C1E316F}.Debug|Any CPU.ActiveCfg = Debug|Any CPU
		{DA7F459D-5752-4BB3-93AE-C8011C1E316F}.Debug|Any CPU.Build.0 = Debug|Any CPU
		{DA7F459D-5752-4BB3-93AE-C8011C1E316F}.Release|Any CPU.ActiveCfg = Release|Any CPU
		{DA7F459D-5752-4BB3-93AE-C8011C1E316F}.Release|Any CPU.Build.0 = Release|Any CPU
		{91BF934D-515E-489D-AF7F-9D1FB30BE537}.Debug|Any CPU.ActiveCfg = Debug|Any CPU
		{91BF934D-515E-489D-AF7F-9D1FB30BE537}.Debug|Any CPU.Build.0 = Debug|Any CPU
		{91BF934D-515E-489D-AF7F-9D1FB30BE537}.Release|Any CPU.ActiveCfg = Release|Any CPU
		{91BF934D-515E-489D-AF7F-9D1FB30BE537}.Release|Any CPU.Build.0 = Release|Any CPU
		{621BBF1B-B17F-48B7-A13E-583F6F06247B}.Debug|Any CPU.ActiveCfg = Debug|Any CPU
		{621BBF1B-B17F-48B7-A13E-583F6F06247B}.Debug|Any CPU.Build.0 = Debug|Any CPU
		{621BBF1B-B17F-48B7-A13E-583F6F06247B}.Release|Any CPU.ActiveCfg = Release|Any CPU
		{621BBF1B-B17F-48B7-A13E-583F6F06247B}.Release|Any CPU.Build.0 = Release|Any CPU
		{C11780AD-C3AE-4C93-9100-92B4310A2AC8}.Debug|Any CPU.ActiveCfg = Debug|Any CPU
		{C11780AD-C3AE-4C93-9100-92B4310A2AC8}.Debug|Any CPU.Build.0 = Debug|Any CPU
		{C11780AD-C3AE-4C93-9100-92B4310A2AC8}.Release|Any CPU.ActiveCfg = Release|Any CPU
		{C11780AD-C3AE-4C93-9100-92B4310A2AC8}.Release|Any CPU.Build.0 = Release|Any CPU
		{0D40A600-450F-4D29-80C8-3FD0C091896B}.Debug|Any CPU.ActiveCfg = Debug|Any CPU
		{0D40A600-450F-4D29-80C8-3FD0C091896B}.Debug|Any CPU.Build.0 = Debug|Any CPU
		{0D40A600-450F-4D29-80C8-3FD0C091896B}.Release|Any CPU.ActiveCfg = Release|Any CPU
		{0D40A600-450F-4D29-80C8-3FD0C091896B}.Release|Any CPU.Build.0 = Release|Any CPU
		{974F1E71-048E-4CFD-83AC-BD723BDBE6B6}.Debug|Any CPU.ActiveCfg = Debug|Any CPU
		{974F1E71-048E-4CFD-83AC-BD723BDBE6B6}.Debug|Any CPU.Build.0 = Debug|Any CPU
		{974F1E71-048E-4CFD-83AC-BD723BDBE6B6}.Release|Any CPU.ActiveCfg = Release|Any CPU
		{974F1E71-048E-4CFD-83AC-BD723BDBE6B6}.Release|Any CPU.Build.0 = Release|Any CPU
		{74371F60-4BBC-410E-8E47-7B744E998846}.Debug|Any CPU.ActiveCfg = Debug|Any CPU
		{74371F60-4BBC-410E-8E47-7B744E998846}.Debug|Any CPU.Build.0 = Debug|Any CPU
		{74371F60-4BBC-410E-8E47-7B744E998846}.Release|Any CPU.ActiveCfg = Release|Any CPU
		{74371F60-4BBC-410E-8E47-7B744E998846}.Release|Any CPU.Build.0 = Release|Any CPU
		{3563FECF-B042-4ED8-8F67-F44FFF2B327B}.Debug|Any CPU.ActiveCfg = Debug|Any CPU
		{3563FECF-B042-4ED8-8F67-F44FFF2B327B}.Debug|Any CPU.Build.0 = Debug|Any CPU
		{3563FECF-B042-4ED8-8F67-F44FFF2B327B}.Release|Any CPU.ActiveCfg = Release|Any CPU
		{3563FECF-B042-4ED8-8F67-F44FFF2B327B}.Release|Any CPU.Build.0 = Release|Any CPU
	EndGlobalSection
	GlobalSection(SolutionProperties) = preSolution
		HideSolutionNode = FALSE
	EndGlobalSection
	GlobalSection(ExtensibilityGlobals) = postSolution
		SolutionGuid = {1C1675C9-8CD9-4A4F-BA4E-F0D7C407350A}
	EndGlobalSection
EndGlobal
