
Microsoft Visual Studio Solution File, Format Version 12.00
# Visual Studio 14
VisualStudioVersion = 14.0.25420.1
MinimumVisualStudioVersion = 10.0.40219.1
Project("{FAE04EC0-301F-11D3-BF4B-00C04F79EFBC}") = "Beach.Greedy", "Beach\Beach.Greedy.csproj", "{E23E6A4B-A826-4F7F-A8B9-50B86A16D13A}"
EndProject
Project("{FAE04EC0-301F-11D3-BF4B-00C04F79EFBC}") = "Beach.Slow", "Beach.Slow\Beach.Slow.csproj", "{EB71E288-8184-461F-84C9-BAA2CD465275}"
EndProject
Project("{FAE04EC0-301F-11D3-BF4B-00C04F79EFBC}") = "Beach.QauterSearch", "Beach.QauterSearch\Beach.QauterSearch.csproj", "{631367A7-09E2-4C66-8EEA-6A364C82EA49}"
EndProject
Global
	GlobalSection(SolutionConfigurationPlatforms) = preSolution
		Debug|Any CPU = Debug|Any CPU
		Release|Any CPU = Release|Any CPU
	EndGlobalSection
	GlobalSection(ProjectConfigurationPlatforms) = postSolution
		{E23E6A4B-A826-4F7F-A8B9-50B86A16D13A}.Debug|Any CPU.ActiveCfg = Debug|Any CPU
		{E23E6A4B-A826-4F7F-A8B9-50B86A16D13A}.Debug|Any CPU.Build.0 = Debug|Any CPU
		{E23E6A4B-A826-4F7F-A8B9-50B86A16D13A}.Release|Any CPU.ActiveCfg = Release|Any CPU
		{E23E6A4B-A826-4F7F-A8B9-50B86A16D13A}.Release|Any CPU.Build.0 = Release|Any CPU
		{EB71E288-8184-461F-84C9-BAA2CD465275}.Debug|Any CPU.ActiveCfg = Debug|Any CPU
		{EB71E288-8184-461F-84C9-BAA2CD465275}.Debug|Any CPU.Build.0 = Debug|Any CPU
		{EB71E288-8184-461F-84C9-BAA2CD465275}.Release|Any CPU.ActiveCfg = Release|Any CPU
		{EB71E288-8184-461F-84C9-BAA2CD465275}.Release|Any CPU.Build.0 = Release|Any CPU
		{631367A7-09E2-4C66-8EEA-6A364C82EA49}.Debug|Any CPU.ActiveCfg = Debug|Any CPU
		{631367A7-09E2-4C66-8EEA-6A364C82EA49}.Debug|Any CPU.Build.0 = Debug|Any CPU
		{631367A7-09E2-4C66-8EEA-6A364C82EA49}.Release|Any CPU.ActiveCfg = Release|Any CPU
		{631367A7-09E2-4C66-8EEA-6A364C82EA49}.Release|Any CPU.Build.0 = Release|Any CPU
	EndGlobalSection
	GlobalSection(SolutionProperties) = preSolution
		HideSolutionNode = FALSE
	EndGlobalSection
EndGlobal
