
Microsoft Visual Studio Solution File, Format Version 12.00
# Visual Studio 15
VisualStudioVersion = 15.0.27130.2027
MinimumVisualStudioVersion = 10.0.40219.1
Project("{FAE04EC0-301F-11D3-BF4B-00C04F79EFBC}") = "01.NumbersFrom1ToN", "NumbersFrom1ToN\01.NumbersFrom1ToN.csproj", "{B75D1B12-8800-4545-8BB0-24DDDBAB8A64}"
EndProject
Project("{FAE04EC0-301F-11D3-BF4B-00C04F79EFBC}") = "02.NotDivizibleBy3Or7", "NotDivizibleBy3Or7\02.NotDivizibleBy3Or7.csproj", "{A8CD8BDD-5130-4B4A-AE8D-AF4193557FF3}"
EndProject
Project("{FAE04EC0-301F-11D3-BF4B-00C04F79EFBC}") = "03.MinMaxSumAverage", "MinMaxSumAverage\03.MinMaxSumAverage.csproj", "{C173F8D5-1D35-4167-A728-F710AAB92486}"
EndProject
Project("{FAE04EC0-301F-11D3-BF4B-00C04F79EFBC}") = "04.PrintA_Deck", "PrintA_Deck\04.PrintA_Deck.csproj", "{7FDA6A46-AFE7-4DA5-B79F-5864C3A9CE04}"
EndProject
Project("{FAE04EC0-301F-11D3-BF4B-00C04F79EFBC}") = "05.CalculatePowerSeries", "CalculatePowerSeries\05.CalculatePowerSeries.csproj", "{A21BEE17-EC0E-4FB6-8810-BDA35C0CBB6F}"
EndProject
Project("{FAE04EC0-301F-11D3-BF4B-00C04F79EFBC}") = "06.CalculateDivisionOfFactorials", "CalculateDivisionOfFactorials\06.CalculateDivisionOfFactorials.csproj", "{92063FD8-1A6D-4F5F-846B-4243D593B5A1}"
EndProject
Project("{FAE04EC0-301F-11D3-BF4B-00C04F79EFBC}") = "07.CalculateNPermutationsOfK", "CalculateNPermutationsOfK\07.CalculateNPermutationsOfK.csproj", "{572FD579-67E4-4192-828F-18D9E6F3F1CB}"
EndProject
Project("{FAE04EC0-301F-11D3-BF4B-00C04F79EFBC}") = "08.CalculateNthCatalanNumber", "CalculateNthCatalanNumber\08.CalculateNthCatalanNumber.csproj", "{93CEB541-0327-4540-AF3C-FB6A3BAEA8A6}"
EndProject
Project("{FAE04EC0-301F-11D3-BF4B-00C04F79EFBC}") = "09.PrintMatrixOfNumbers", "PrintMatrixOfNumbers\09.PrintMatrixOfNumbers.csproj", "{3F91B31C-5D48-482F-AF27-D36ECB6EEEC5}"
EndProject
Project("{FAE04EC0-301F-11D3-BF4B-00C04F79EFBC}") = "10.OddOrEvenProduct", "OddOrEvenProduct\10.OddOrEvenProduct.csproj", "{3CEB0499-B569-4DD3-92D0-7EBEF9381A67}"
EndProject
Project("{FAE04EC0-301F-11D3-BF4B-00C04F79EFBC}") = "11.ConvertBinaryToDecimal", "ConvertBinaryToDecimal\11.ConvertBinaryToDecimal.csproj", "{486C646F-B8F4-413E-912F-C99DF8200DA0}"
EndProject
Project("{FAE04EC0-301F-11D3-BF4B-00C04F79EFBC}") = "12.DecimalToBinaryConvert", "DecimalToBinaryConvert\12.DecimalToBinaryConvert.csproj", "{3E23A5EE-7607-46A0-AA79-1965485CDFB9}"
EndProject
Project("{FAE04EC0-301F-11D3-BF4B-00C04F79EFBC}") = "13.DecimalToHexConvert", "DecimalToHexConvert\13.DecimalToHexConvert.csproj", "{89A69519-30A6-482D-BE95-AA25A9463CD5}"
EndProject
Project("{FAE04EC0-301F-11D3-BF4B-00C04F79EFBC}") = "13a.DecimalToHex_Variant", "DecimalToHex_Variant\13a.DecimalToHex_Variant.csproj", "{9A246327-BE9A-4D9B-BF8F-D51C11BD7931}"
EndProject
Project("{FAE04EC0-301F-11D3-BF4B-00C04F79EFBC}") = "14.HexToDecimalConvert", "HexToDecimalConvert\14.HexToDecimalConvert.csproj", "{8224D881-63AA-4E56-B9B5-EF8117CFBBFF}"
EndProject
Project("{FAE04EC0-301F-11D3-BF4B-00C04F79EFBC}") = "15.GreatestCommonDivizor", "GreatestCommonDivizor\15.GreatestCommonDivizor.csproj", "{9AA23EAD-5FE6-453D-B3D9-D5D79B4FB9CB}"
EndProject
Project("{FAE04EC0-301F-11D3-BF4B-00C04F79EFBC}") = "16.HowManyZerosAtTheEnd", "HowManyZerosAtTheEnd\16.HowManyZerosAtTheEnd.csproj", "{C90F0B5E-CBB4-4356-8F25-5EE32992CDEB}"
EndProject
Project("{FAE04EC0-301F-11D3-BF4B-00C04F79EFBC}") = "17.SpiralMatrix", "SpiralMatrix\17.SpiralMatrix.csproj", "{EF02991D-9B21-4D13-8156-BB49CF670D89}"
EndProject
Global
	GlobalSection(SolutionConfigurationPlatforms) = preSolution
		Debug|Any CPU = Debug|Any CPU
		Release|Any CPU = Release|Any CPU
	EndGlobalSection
	GlobalSection(ProjectConfigurationPlatforms) = postSolution
		{B75D1B12-8800-4545-8BB0-24DDDBAB8A64}.Debug|Any CPU.ActiveCfg = Debug|Any CPU
		{B75D1B12-8800-4545-8BB0-24DDDBAB8A64}.Debug|Any CPU.Build.0 = Debug|Any CPU
		{B75D1B12-8800-4545-8BB0-24DDDBAB8A64}.Release|Any CPU.ActiveCfg = Release|Any CPU
		{B75D1B12-8800-4545-8BB0-24DDDBAB8A64}.Release|Any CPU.Build.0 = Release|Any CPU
		{A8CD8BDD-5130-4B4A-AE8D-AF4193557FF3}.Debug|Any CPU.ActiveCfg = Debug|Any CPU
		{A8CD8BDD-5130-4B4A-AE8D-AF4193557FF3}.Debug|Any CPU.Build.0 = Debug|Any CPU
		{A8CD8BDD-5130-4B4A-AE8D-AF4193557FF3}.Release|Any CPU.ActiveCfg = Release|Any CPU
		{A8CD8BDD-5130-4B4A-AE8D-AF4193557FF3}.Release|Any CPU.Build.0 = Release|Any CPU
		{C173F8D5-1D35-4167-A728-F710AAB92486}.Debug|Any CPU.ActiveCfg = Debug|Any CPU
		{C173F8D5-1D35-4167-A728-F710AAB92486}.Debug|Any CPU.Build.0 = Debug|Any CPU
		{C173F8D5-1D35-4167-A728-F710AAB92486}.Release|Any CPU.ActiveCfg = Release|Any CPU
		{C173F8D5-1D35-4167-A728-F710AAB92486}.Release|Any CPU.Build.0 = Release|Any CPU
		{7FDA6A46-AFE7-4DA5-B79F-5864C3A9CE04}.Debug|Any CPU.ActiveCfg = Debug|Any CPU
		{7FDA6A46-AFE7-4DA5-B79F-5864C3A9CE04}.Debug|Any CPU.Build.0 = Debug|Any CPU
		{7FDA6A46-AFE7-4DA5-B79F-5864C3A9CE04}.Release|Any CPU.ActiveCfg = Release|Any CPU
		{7FDA6A46-AFE7-4DA5-B79F-5864C3A9CE04}.Release|Any CPU.Build.0 = Release|Any CPU
		{A21BEE17-EC0E-4FB6-8810-BDA35C0CBB6F}.Debug|Any CPU.ActiveCfg = Debug|Any CPU
		{A21BEE17-EC0E-4FB6-8810-BDA35C0CBB6F}.Debug|Any CPU.Build.0 = Debug|Any CPU
		{A21BEE17-EC0E-4FB6-8810-BDA35C0CBB6F}.Release|Any CPU.ActiveCfg = Release|Any CPU
		{A21BEE17-EC0E-4FB6-8810-BDA35C0CBB6F}.Release|Any CPU.Build.0 = Release|Any CPU
		{92063FD8-1A6D-4F5F-846B-4243D593B5A1}.Debug|Any CPU.ActiveCfg = Debug|Any CPU
		{92063FD8-1A6D-4F5F-846B-4243D593B5A1}.Debug|Any CPU.Build.0 = Debug|Any CPU
		{92063FD8-1A6D-4F5F-846B-4243D593B5A1}.Release|Any CPU.ActiveCfg = Release|Any CPU
		{92063FD8-1A6D-4F5F-846B-4243D593B5A1}.Release|Any CPU.Build.0 = Release|Any CPU
		{572FD579-67E4-4192-828F-18D9E6F3F1CB}.Debug|Any CPU.ActiveCfg = Debug|Any CPU
		{572FD579-67E4-4192-828F-18D9E6F3F1CB}.Debug|Any CPU.Build.0 = Debug|Any CPU
		{572FD579-67E4-4192-828F-18D9E6F3F1CB}.Release|Any CPU.ActiveCfg = Release|Any CPU
		{572FD579-67E4-4192-828F-18D9E6F3F1CB}.Release|Any CPU.Build.0 = Release|Any CPU
		{93CEB541-0327-4540-AF3C-FB6A3BAEA8A6}.Debug|Any CPU.ActiveCfg = Debug|Any CPU
		{93CEB541-0327-4540-AF3C-FB6A3BAEA8A6}.Debug|Any CPU.Build.0 = Debug|Any CPU
		{93CEB541-0327-4540-AF3C-FB6A3BAEA8A6}.Release|Any CPU.ActiveCfg = Release|Any CPU
		{93CEB541-0327-4540-AF3C-FB6A3BAEA8A6}.Release|Any CPU.Build.0 = Release|Any CPU
		{3F91B31C-5D48-482F-AF27-D36ECB6EEEC5}.Debug|Any CPU.ActiveCfg = Debug|Any CPU
		{3F91B31C-5D48-482F-AF27-D36ECB6EEEC5}.Debug|Any CPU.Build.0 = Debug|Any CPU
		{3F91B31C-5D48-482F-AF27-D36ECB6EEEC5}.Release|Any CPU.ActiveCfg = Release|Any CPU
		{3F91B31C-5D48-482F-AF27-D36ECB6EEEC5}.Release|Any CPU.Build.0 = Release|Any CPU
		{3CEB0499-B569-4DD3-92D0-7EBEF9381A67}.Debug|Any CPU.ActiveCfg = Debug|Any CPU
		{3CEB0499-B569-4DD3-92D0-7EBEF9381A67}.Debug|Any CPU.Build.0 = Debug|Any CPU
		{3CEB0499-B569-4DD3-92D0-7EBEF9381A67}.Release|Any CPU.ActiveCfg = Release|Any CPU
		{3CEB0499-B569-4DD3-92D0-7EBEF9381A67}.Release|Any CPU.Build.0 = Release|Any CPU
		{486C646F-B8F4-413E-912F-C99DF8200DA0}.Debug|Any CPU.ActiveCfg = Debug|Any CPU
		{486C646F-B8F4-413E-912F-C99DF8200DA0}.Debug|Any CPU.Build.0 = Debug|Any CPU
		{486C646F-B8F4-413E-912F-C99DF8200DA0}.Release|Any CPU.ActiveCfg = Release|Any CPU
		{486C646F-B8F4-413E-912F-C99DF8200DA0}.Release|Any CPU.Build.0 = Release|Any CPU
		{3E23A5EE-7607-46A0-AA79-1965485CDFB9}.Debug|Any CPU.ActiveCfg = Debug|Any CPU
		{3E23A5EE-7607-46A0-AA79-1965485CDFB9}.Debug|Any CPU.Build.0 = Debug|Any CPU
		{3E23A5EE-7607-46A0-AA79-1965485CDFB9}.Release|Any CPU.ActiveCfg = Release|Any CPU
		{3E23A5EE-7607-46A0-AA79-1965485CDFB9}.Release|Any CPU.Build.0 = Release|Any CPU
		{89A69519-30A6-482D-BE95-AA25A9463CD5}.Debug|Any CPU.ActiveCfg = Debug|Any CPU
		{89A69519-30A6-482D-BE95-AA25A9463CD5}.Debug|Any CPU.Build.0 = Debug|Any CPU
		{89A69519-30A6-482D-BE95-AA25A9463CD5}.Release|Any CPU.ActiveCfg = Release|Any CPU
		{89A69519-30A6-482D-BE95-AA25A9463CD5}.Release|Any CPU.Build.0 = Release|Any CPU
		{9A246327-BE9A-4D9B-BF8F-D51C11BD7931}.Debug|Any CPU.ActiveCfg = Debug|Any CPU
		{9A246327-BE9A-4D9B-BF8F-D51C11BD7931}.Debug|Any CPU.Build.0 = Debug|Any CPU
		{9A246327-BE9A-4D9B-BF8F-D51C11BD7931}.Release|Any CPU.ActiveCfg = Release|Any CPU
		{9A246327-BE9A-4D9B-BF8F-D51C11BD7931}.Release|Any CPU.Build.0 = Release|Any CPU
		{8224D881-63AA-4E56-B9B5-EF8117CFBBFF}.Debug|Any CPU.ActiveCfg = Debug|Any CPU
		{8224D881-63AA-4E56-B9B5-EF8117CFBBFF}.Debug|Any CPU.Build.0 = Debug|Any CPU
		{8224D881-63AA-4E56-B9B5-EF8117CFBBFF}.Release|Any CPU.ActiveCfg = Release|Any CPU
		{8224D881-63AA-4E56-B9B5-EF8117CFBBFF}.Release|Any CPU.Build.0 = Release|Any CPU
		{9AA23EAD-5FE6-453D-B3D9-D5D79B4FB9CB}.Debug|Any CPU.ActiveCfg = Debug|Any CPU
		{9AA23EAD-5FE6-453D-B3D9-D5D79B4FB9CB}.Debug|Any CPU.Build.0 = Debug|Any CPU
		{9AA23EAD-5FE6-453D-B3D9-D5D79B4FB9CB}.Release|Any CPU.ActiveCfg = Release|Any CPU
		{9AA23EAD-5FE6-453D-B3D9-D5D79B4FB9CB}.Release|Any CPU.Build.0 = Release|Any CPU
		{C90F0B5E-CBB4-4356-8F25-5EE32992CDEB}.Debug|Any CPU.ActiveCfg = Debug|Any CPU
		{C90F0B5E-CBB4-4356-8F25-5EE32992CDEB}.Debug|Any CPU.Build.0 = Debug|Any CPU
		{C90F0B5E-CBB4-4356-8F25-5EE32992CDEB}.Release|Any CPU.ActiveCfg = Release|Any CPU
		{C90F0B5E-CBB4-4356-8F25-5EE32992CDEB}.Release|Any CPU.Build.0 = Release|Any CPU
		{EF02991D-9B21-4D13-8156-BB49CF670D89}.Debug|Any CPU.ActiveCfg = Debug|Any CPU
		{EF02991D-9B21-4D13-8156-BB49CF670D89}.Debug|Any CPU.Build.0 = Debug|Any CPU
		{EF02991D-9B21-4D13-8156-BB49CF670D89}.Release|Any CPU.ActiveCfg = Release|Any CPU
		{EF02991D-9B21-4D13-8156-BB49CF670D89}.Release|Any CPU.Build.0 = Release|Any CPU
	EndGlobalSection
	GlobalSection(SolutionProperties) = preSolution
		HideSolutionNode = FALSE
	EndGlobalSection
	GlobalSection(ExtensibilityGlobals) = postSolution
		SolutionGuid = {6182DBCF-12B7-43BF-B097-83D816891FFB}
	EndGlobalSection
EndGlobal
